
Microsoft Visual Studio Solution File, Format Version 12.00
# Visual Studio Version 17
VisualStudioVersion = 17.3.32929.385
MinimumVisualStudioVersion = 10.0.40219.1
Project("{FAE04EC0-301F-11D3-BF4B-00C04F79EFBC}") = "Module18Task18.4.1", "Module18Task18.4.1\Module18Task18.4.1.csproj", "{33047765-02D9-464B-B7C0-67CE2A9E952A}"
EndProject
Global
	GlobalSection(SolutionConfigurationPlatforms) = preSolution
		Debug|Any CPU = Debug|Any CPU
		Release|Any CPU = Release|Any CPU
	EndGlobalSection
	GlobalSection(ProjectConfigurationPlatforms) = postSolution
		{33047765-02D9-464B-B7C0-67CE2A9E952A}.Debug|Any CPU.ActiveCfg = Debug|Any CPU
		{33047765-02D9-464B-B7C0-67CE2A9E952A}.Debug|Any CPU.Build.0 = Debug|Any CPU
		{33047765-02D9-464B-B7C0-67CE2A9E952A}.Release|Any CPU.ActiveCfg = Release|Any CPU
		{33047765-02D9-464B-B7C0-67CE2A9E952A}.Release|Any CPU.Build.0 = Release|Any CPU
	EndGlobalSection
	GlobalSection(SolutionProperties) = preSolution
		HideSolutionNode = FALSE
	EndGlobalSection
	GlobalSection(ExtensibilityGlobals) = postSolution
		SolutionGuid = {9E5D73D9-2760-445E-BB43-C3A99598FAC6}
	EndGlobalSection
EndGlobal
